
Microsoft Visual Studio Solution File, Format Version 12.00
# Visual Studio Version 16
VisualStudioVersion = 16.0.33027.164
MinimumVisualStudioVersion = 10.0.40219.1
Project("{FAE04EC0-301F-11D3-BF4B-00C04F79EFBC}") = "FacultyWpfApp1", "FacultyWpfApp1\FacultyWpfApp1.csproj", "{27D7CBFE-2935-42D5-83CA-014F98333C6C}"
EndProject
Global
	GlobalSection(SolutionConfigurationPlatforms) = preSolution
		Debug|Any CPU = Debug|Any CPU
		Release|Any CPU = Release|Any CPU
	EndGlobalSection
	GlobalSection(ProjectConfigurationPlatforms) = postSolution
		{27D7CBFE-2935-42D5-83CA-014F98333C6C}.Debug|Any CPU.ActiveCfg = Debug|Any CPU
		{27D7CBFE-2935-42D5-83CA-014F98333C6C}.Debug|Any CPU.Build.0 = Debug|Any CPU
		{27D7CBFE-2935-42D5-83CA-014F98333C6C}.Release|Any CPU.ActiveCfg = Release|Any CPU
		{27D7CBFE-2935-42D5-83CA-014F98333C6C}.Release|Any CPU.Build.0 = Release|Any CPU
	EndGlobalSection
	GlobalSection(SolutionProperties) = preSolution
		HideSolutionNode = FALSE
	EndGlobalSection
	GlobalSection(ExtensibilityGlobals) = postSolution
		SolutionGuid = {C5715537-BD87-467E-B1D1-84D2988DE726}
	EndGlobalSection
EndGlobal
